
Microsoft Visual Studio Solution File, Format Version 12.00
# Visual Studio 14
VisualStudioVersion = 14.0.25420.1
MinimumVisualStudioVersion = 10.0.40219.1
Project("{FAE04EC0-301F-11D3-BF4B-00C04F79EFBC}") = "Pyrite.Tests", "Pyrite.Tests\Pyrite.Tests.csproj", "{9F3DE701-C654-41EE-A055-AF50364D308A}"
EndProject
Project("{FAE04EC0-301F-11D3-BF4B-00C04F79EFBC}") = "Pyrite.CoreActions", "Pyrite.CoreActions\Pyrite.CoreActions.csproj", "{CB9EC852-4C16-4A34-98AB-EC569C35398C}"
EndProject
Project("{FAE04EC0-301F-11D3-BF4B-00C04F79EFBC}") = "Pyrite.MainDomain", "Pyrite.MainDomain\Pyrite.MainDomain.csproj", "{DCD8E6AF-A435-4556-AD74-84444B1DD816}"
EndProject
Project("{FAE04EC0-301F-11D3-BF4B-00C04F79EFBC}") = "Pyrite.Data", "Pyrite.Data\Pyrite.Data.csproj", "{47C6BAC6-34D8-4013-9739-2C0F6DCB6FFA}"
EndProject
Project("{FAE04EC0-301F-11D3-BF4B-00C04F79EFBC}") = "Pyrite.Exceptions", "Pyrite.Exceptions\Pyrite.Exceptions.csproj", "{1F4412D0-F16D-4D36-A28D-CB52C9732CDE}"
EndProject
Project("{FAE04EC0-301F-11D3-BF4B-00C04F79EFBC}") = "Pyrite.ActionsDomain", "Pyrite.ActionsDomain\Pyrite.ActionsDomain.csproj", "{E6BE3954-3D6F-447A-91BF-04D892A1C025}"
EndProject
Project("{FAE04EC0-301F-11D3-BF4B-00C04F79EFBC}") = "Pyrite.IOC", "Pyrite.IOC\Pyrite.IOC.csproj", "{A002F2FB-6791-46A2-9061-38BBE59E1618}"
EndProject
Project("{FAE04EC0-301F-11D3-BF4B-00C04F79EFBC}") = "Pyrite.Utils", "Pyrite.Utils\Pyrite.Utils.csproj", "{D4FDB9F4-F897-4F15-85FC-26E8D933AF6D}"
EndProject
Project("{FAE04EC0-301F-11D3-BF4B-00C04F79EFBC}") = "Pyrite.Windows.Data", "Pyrite.Windows.Data\Pyrite.Windows.Data.csproj", "{E71F185A-B90F-4145-BD38-97EB30D129FE}"
EndProject
Project("{FAE04EC0-301F-11D3-BF4B-00C04F79EFBC}") = "Pyrite.Windows.Modules", "Pyrite.Windows.Modules\Pyrite.Windows.Modules.csproj", "{AB2D5750-1D05-4963-8445-EFCE54616D8F}"
EndProject
Project("{FAE04EC0-301F-11D3-BF4B-00C04F79EFBC}") = "Pyrite.Scenarios", "Pyrite.Scenarios\Pyrite.Scenarios.csproj", "{EE271212-1572-4525-BC27-B2F283238740}"
EndProject
Project("{FAE04EC0-301F-11D3-BF4B-00C04F79EFBC}") = "Pyrite.Security", "Pyrite.Security\Pyrite.Security.csproj", "{3ACF6EAC-A7BE-4AFE-AA9C-80259157AE71}"
EndProject
Project("{FAE04EC0-301F-11D3-BF4B-00C04F79EFBC}") = "Pyrite.Visual", "Pyrite.Visual\Pyrite.Visual.csproj", "{E8AA2173-58F5-474B-AFF7-EB66D077CACD}"
EndProject
Project("{FAE04EC0-301F-11D3-BF4B-00C04F79EFBC}") = "Pyrite.Windows.Utils", "Pyrite.Windows.Utils\Pyrite.Windows.Utils.csproj", "{09BE5F23-3903-4547-9D56-12CAE326C5CC}"
EndProject
Project("{FAE04EC0-301F-11D3-BF4B-00C04F79EFBC}") = "Pyrite.Windows.Logging", "Pyrite.Windows.Logging\Pyrite.Windows.Logging.csproj", "{B73A65FA-8333-4D4B-BA9C-6BFBDF1B1815}"
EndProject
Project("{FAE04EC0-301F-11D3-BF4B-00C04F79EFBC}") = "Pyrite.Android.ServiceClient", "Pyrite.Android.ServiceClient\Pyrite.Android.ServiceClient.csproj", "{9CD6A517-FB28-4D77-8807-789DD0DD1380}"
EndProject
Project("{FAE04EC0-301F-11D3-BF4B-00C04F79EFBC}") = "Pyrite.Windows.ServiceClient", "Pyrite.Windows.ServiceClient\Pyrite.Windows.ServiceClient.csproj", "{8C79C90A-F696-4397-83C8-CB39AABBC872}"
	ProjectSection(ProjectDependencies) = postProject
		{E3E5CD1C-8573-4192-A8A8-C6DCBE70619B} = {E3E5CD1C-8573-4192-A8A8-C6DCBE70619B}
	EndProjectSection
EndProject
Project("{FAE04EC0-301F-11D3-BF4B-00C04F79EFBC}") = "Pyrite.Windows.Service", "Pyrite.Windows.Service\Pyrite.Windows.Service.csproj", "{E3E5CD1C-8573-4192-A8A8-C6DCBE70619B}"
EndProject
Global
	GlobalSection(SolutionConfigurationPlatforms) = preSolution
		Debug|Any CPU = Debug|Any CPU
		Release|Any CPU = Release|Any CPU
	EndGlobalSection
	GlobalSection(ProjectConfigurationPlatforms) = postSolution
		{9F3DE701-C654-41EE-A055-AF50364D308A}.Debug|Any CPU.ActiveCfg = Debug|Any CPU
		{9F3DE701-C654-41EE-A055-AF50364D308A}.Debug|Any CPU.Build.0 = Debug|Any CPU
		{9F3DE701-C654-41EE-A055-AF50364D308A}.Release|Any CPU.ActiveCfg = Release|Any CPU
		{9F3DE701-C654-41EE-A055-AF50364D308A}.Release|Any CPU.Build.0 = Release|Any CPU
		{CB9EC852-4C16-4A34-98AB-EC569C35398C}.Debug|Any CPU.ActiveCfg = Debug|Any CPU
		{CB9EC852-4C16-4A34-98AB-EC569C35398C}.Debug|Any CPU.Build.0 = Debug|Any CPU
		{CB9EC852-4C16-4A34-98AB-EC569C35398C}.Release|Any CPU.ActiveCfg = Release|Any CPU
		{CB9EC852-4C16-4A34-98AB-EC569C35398C}.Release|Any CPU.Build.0 = Release|Any CPU
		{DCD8E6AF-A435-4556-AD74-84444B1DD816}.Debug|Any CPU.ActiveCfg = Debug|Any CPU
		{DCD8E6AF-A435-4556-AD74-84444B1DD816}.Debug|Any CPU.Build.0 = Debug|Any CPU
		{DCD8E6AF-A435-4556-AD74-84444B1DD816}.Release|Any CPU.ActiveCfg = Release|Any CPU
		{DCD8E6AF-A435-4556-AD74-84444B1DD816}.Release|Any CPU.Build.0 = Release|Any CPU
		{47C6BAC6-34D8-4013-9739-2C0F6DCB6FFA}.Debug|Any CPU.ActiveCfg = Debug|Any CPU
		{47C6BAC6-34D8-4013-9739-2C0F6DCB6FFA}.Debug|Any CPU.Build.0 = Debug|Any CPU
		{47C6BAC6-34D8-4013-9739-2C0F6DCB6FFA}.Release|Any CPU.ActiveCfg = Release|Any CPU
		{47C6BAC6-34D8-4013-9739-2C0F6DCB6FFA}.Release|Any CPU.Build.0 = Release|Any CPU
		{1F4412D0-F16D-4D36-A28D-CB52C9732CDE}.Debug|Any CPU.ActiveCfg = Debug|Any CPU
		{1F4412D0-F16D-4D36-A28D-CB52C9732CDE}.Debug|Any CPU.Build.0 = Debug|Any CPU
		{1F4412D0-F16D-4D36-A28D-CB52C9732CDE}.Release|Any CPU.ActiveCfg = Release|Any CPU
		{1F4412D0-F16D-4D36-A28D-CB52C9732CDE}.Release|Any CPU.Build.0 = Release|Any CPU
		{E6BE3954-3D6F-447A-91BF-04D892A1C025}.Debug|Any CPU.ActiveCfg = Debug|Any CPU
		{E6BE3954-3D6F-447A-91BF-04D892A1C025}.Debug|Any CPU.Build.0 = Debug|Any CPU
		{E6BE3954-3D6F-447A-91BF-04D892A1C025}.Release|Any CPU.ActiveCfg = Release|Any CPU
		{E6BE3954-3D6F-447A-91BF-04D892A1C025}.Release|Any CPU.Build.0 = Release|Any CPU
		{A002F2FB-6791-46A2-9061-38BBE59E1618}.Debug|Any CPU.ActiveCfg = Debug|Any CPU
		{A002F2FB-6791-46A2-9061-38BBE59E1618}.Debug|Any CPU.Build.0 = Debug|Any CPU
		{A002F2FB-6791-46A2-9061-38BBE59E1618}.Release|Any CPU.ActiveCfg = Release|Any CPU
		{A002F2FB-6791-46A2-9061-38BBE59E1618}.Release|Any CPU.Build.0 = Release|Any CPU
		{D4FDB9F4-F897-4F15-85FC-26E8D933AF6D}.Debug|Any CPU.ActiveCfg = Debug|Any CPU
		{D4FDB9F4-F897-4F15-85FC-26E8D933AF6D}.Debug|Any CPU.Build.0 = Debug|Any CPU
		{D4FDB9F4-F897-4F15-85FC-26E8D933AF6D}.Release|Any CPU.ActiveCfg = Release|Any CPU
		{D4FDB9F4-F897-4F15-85FC-26E8D933AF6D}.Release|Any CPU.Build.0 = Release|Any CPU
		{E71F185A-B90F-4145-BD38-97EB30D129FE}.Debug|Any CPU.ActiveCfg = Debug|Any CPU
		{E71F185A-B90F-4145-BD38-97EB30D129FE}.Debug|Any CPU.Build.0 = Debug|Any CPU
		{E71F185A-B90F-4145-BD38-97EB30D129FE}.Release|Any CPU.ActiveCfg = Release|Any CPU
		{E71F185A-B90F-4145-BD38-97EB30D129FE}.Release|Any CPU.Build.0 = Release|Any CPU
		{AB2D5750-1D05-4963-8445-EFCE54616D8F}.Debug|Any CPU.ActiveCfg = Debug|Any CPU
		{AB2D5750-1D05-4963-8445-EFCE54616D8F}.Debug|Any CPU.Build.0 = Debug|Any CPU
		{AB2D5750-1D05-4963-8445-EFCE54616D8F}.Release|Any CPU.ActiveCfg = Release|Any CPU
		{AB2D5750-1D05-4963-8445-EFCE54616D8F}.Release|Any CPU.Build.0 = Release|Any CPU
		{EE271212-1572-4525-BC27-B2F283238740}.Debug|Any CPU.ActiveCfg = Debug|Any CPU
		{EE271212-1572-4525-BC27-B2F283238740}.Debug|Any CPU.Build.0 = Debug|Any CPU
		{EE271212-1572-4525-BC27-B2F283238740}.Release|Any CPU.ActiveCfg = Release|Any CPU
		{EE271212-1572-4525-BC27-B2F283238740}.Release|Any CPU.Build.0 = Release|Any CPU
		{3ACF6EAC-A7BE-4AFE-AA9C-80259157AE71}.Debug|Any CPU.ActiveCfg = Debug|Any CPU
		{3ACF6EAC-A7BE-4AFE-AA9C-80259157AE71}.Debug|Any CPU.Build.0 = Debug|Any CPU
		{3ACF6EAC-A7BE-4AFE-AA9C-80259157AE71}.Release|Any CPU.ActiveCfg = Release|Any CPU
		{3ACF6EAC-A7BE-4AFE-AA9C-80259157AE71}.Release|Any CPU.Build.0 = Release|Any CPU
		{E8AA2173-58F5-474B-AFF7-EB66D077CACD}.Debug|Any CPU.ActiveCfg = Debug|Any CPU
		{E8AA2173-58F5-474B-AFF7-EB66D077CACD}.Debug|Any CPU.Build.0 = Debug|Any CPU
		{E8AA2173-58F5-474B-AFF7-EB66D077CACD}.Release|Any CPU.ActiveCfg = Release|Any CPU
		{E8AA2173-58F5-474B-AFF7-EB66D077CACD}.Release|Any CPU.Build.0 = Release|Any CPU
		{09BE5F23-3903-4547-9D56-12CAE326C5CC}.Debug|Any CPU.ActiveCfg = Debug|Any CPU
		{09BE5F23-3903-4547-9D56-12CAE326C5CC}.Debug|Any CPU.Build.0 = Debug|Any CPU
		{09BE5F23-3903-4547-9D56-12CAE326C5CC}.Release|Any CPU.ActiveCfg = Release|Any CPU
		{09BE5F23-3903-4547-9D56-12CAE326C5CC}.Release|Any CPU.Build.0 = Release|Any CPU
		{B73A65FA-8333-4D4B-BA9C-6BFBDF1B1815}.Debug|Any CPU.ActiveCfg = Debug|Any CPU
		{B73A65FA-8333-4D4B-BA9C-6BFBDF1B1815}.Debug|Any CPU.Build.0 = Debug|Any CPU
		{B73A65FA-8333-4D4B-BA9C-6BFBDF1B1815}.Release|Any CPU.ActiveCfg = Release|Any CPU
		{B73A65FA-8333-4D4B-BA9C-6BFBDF1B1815}.Release|Any CPU.Build.0 = Release|Any CPU
		{9CD6A517-FB28-4D77-8807-789DD0DD1380}.Debug|Any CPU.ActiveCfg = Debug|Any CPU
		{9CD6A517-FB28-4D77-8807-789DD0DD1380}.Debug|Any CPU.Build.0 = Debug|Any CPU
		{9CD6A517-FB28-4D77-8807-789DD0DD1380}.Release|Any CPU.ActiveCfg = Release|Any CPU
		{9CD6A517-FB28-4D77-8807-789DD0DD1380}.Release|Any CPU.Build.0 = Release|Any CPU
		{8C79C90A-F696-4397-83C8-CB39AABBC872}.Debug|Any CPU.ActiveCfg = Debug|Any CPU
		{8C79C90A-F696-4397-83C8-CB39AABBC872}.Debug|Any CPU.Build.0 = Debug|Any CPU
		{8C79C90A-F696-4397-83C8-CB39AABBC872}.Release|Any CPU.ActiveCfg = Release|Any CPU
		{8C79C90A-F696-4397-83C8-CB39AABBC872}.Release|Any CPU.Build.0 = Release|Any CPU
		{E3E5CD1C-8573-4192-A8A8-C6DCBE70619B}.Debug|Any CPU.ActiveCfg = Debug|Any CPU
		{E3E5CD1C-8573-4192-A8A8-C6DCBE70619B}.Debug|Any CPU.Build.0 = Debug|Any CPU
		{E3E5CD1C-8573-4192-A8A8-C6DCBE70619B}.Release|Any CPU.ActiveCfg = Release|Any CPU
		{E3E5CD1C-8573-4192-A8A8-C6DCBE70619B}.Release|Any CPU.Build.0 = Release|Any CPU
	EndGlobalSection
	GlobalSection(SolutionProperties) = preSolution
		HideSolutionNode = FALSE
	EndGlobalSection
EndGlobal
