
Microsoft Visual Studio Solution File, Format Version 12.00
# Visual Studio 14
VisualStudioVersion = 14.0.25420.1
MinimumVisualStudioVersion = 10.0.40219.1
Project("{FAE04EC0-301F-11D3-BF4B-00C04F79EFBC}") = "Pyrite.ActionsDomain", "Pyrite.ActionsDomain\Pyrite.ActionsDomain.csproj", "{E2D9EB49-EEDA-4C19-A784-E4E6523D5118}"
EndProject
Project("{FAE04EC0-301F-11D3-BF4B-00C04F79EFBC}") = "Pyrite.Tests", "Pyrite.Tests\Pyrite.Tests.csproj", "{9F3DE701-C654-41EE-A055-AF50364D308A}"
EndProject
Project("{FAE04EC0-301F-11D3-BF4B-00C04F79EFBC}") = "Pyrite.MainDomain", "Pyrite.MainDomain\Pyrite.MainDomain.csproj", "{BFE566B1-16C3-45E9-A7D6-6140E5B4B6D3}"
EndProject
Project("{FAE04EC0-301F-11D3-BF4B-00C04F79EFBC}") = "Pyrite.Exceptions", "Pyrite.Exceptions\Pyrite.Exceptions.csproj", "{570389B3-62B6-4A3C-88E6-54088CCC6746}"
EndProject
Project("{FAE04EC0-301F-11D3-BF4B-00C04F79EFBC}") = "Pyrite.IOC", "Pyrite.IOC\Pyrite.IOC.csproj", "{B2A13BB5-F6BE-44FC-8615-65BEB6C7D702}"
EndProject
Project("{FAE04EC0-301F-11D3-BF4B-00C04F79EFBC}") = "Pyrite.Data", "Pyrite.Data\Pyrite.Data.csproj", "{9CB9ACE4-F6C0-4445-A555-D82530F5DD93}"
EndProject
Global
	GlobalSection(SolutionConfigurationPlatforms) = preSolution
		Debug|Any CPU = Debug|Any CPU
		Release|Any CPU = Release|Any CPU
	EndGlobalSection
	GlobalSection(ProjectConfigurationPlatforms) = postSolution
		{E2D9EB49-EEDA-4C19-A784-E4E6523D5118}.Debug|Any CPU.ActiveCfg = Debug|Any CPU
		{E2D9EB49-EEDA-4C19-A784-E4E6523D5118}.Debug|Any CPU.Build.0 = Debug|Any CPU
		{E2D9EB49-EEDA-4C19-A784-E4E6523D5118}.Release|Any CPU.ActiveCfg = Release|Any CPU
		{E2D9EB49-EEDA-4C19-A784-E4E6523D5118}.Release|Any CPU.Build.0 = Release|Any CPU
		{9F3DE701-C654-41EE-A055-AF50364D308A}.Debug|Any CPU.ActiveCfg = Debug|Any CPU
		{9F3DE701-C654-41EE-A055-AF50364D308A}.Debug|Any CPU.Build.0 = Debug|Any CPU
		{9F3DE701-C654-41EE-A055-AF50364D308A}.Release|Any CPU.ActiveCfg = Release|Any CPU
		{9F3DE701-C654-41EE-A055-AF50364D308A}.Release|Any CPU.Build.0 = Release|Any CPU
		{BFE566B1-16C3-45E9-A7D6-6140E5B4B6D3}.Debug|Any CPU.ActiveCfg = Debug|Any CPU
		{BFE566B1-16C3-45E9-A7D6-6140E5B4B6D3}.Debug|Any CPU.Build.0 = Debug|Any CPU
		{BFE566B1-16C3-45E9-A7D6-6140E5B4B6D3}.Release|Any CPU.ActiveCfg = Release|Any CPU
		{BFE566B1-16C3-45E9-A7D6-6140E5B4B6D3}.Release|Any CPU.Build.0 = Release|Any CPU
		{570389B3-62B6-4A3C-88E6-54088CCC6746}.Debug|Any CPU.ActiveCfg = Debug|Any CPU
		{570389B3-62B6-4A3C-88E6-54088CCC6746}.Debug|Any CPU.Build.0 = Debug|Any CPU
		{570389B3-62B6-4A3C-88E6-54088CCC6746}.Release|Any CPU.ActiveCfg = Release|Any CPU
		{570389B3-62B6-4A3C-88E6-54088CCC6746}.Release|Any CPU.Build.0 = Release|Any CPU
		{B2A13BB5-F6BE-44FC-8615-65BEB6C7D702}.Debug|Any CPU.ActiveCfg = Debug|Any CPU
		{B2A13BB5-F6BE-44FC-8615-65BEB6C7D702}.Debug|Any CPU.Build.0 = Debug|Any CPU
		{B2A13BB5-F6BE-44FC-8615-65BEB6C7D702}.Release|Any CPU.ActiveCfg = Release|Any CPU
		{B2A13BB5-F6BE-44FC-8615-65BEB6C7D702}.Release|Any CPU.Build.0 = Release|Any CPU
		{9CB9ACE4-F6C0-4445-A555-D82530F5DD93}.Debug|Any CPU.ActiveCfg = Debug|Any CPU
		{9CB9ACE4-F6C0-4445-A555-D82530F5DD93}.Debug|Any CPU.Build.0 = Debug|Any CPU
		{9CB9ACE4-F6C0-4445-A555-D82530F5DD93}.Release|Any CPU.ActiveCfg = Release|Any CPU
		{9CB9ACE4-F6C0-4445-A555-D82530F5DD93}.Release|Any CPU.Build.0 = Release|Any CPU
	EndGlobalSection
	GlobalSection(SolutionProperties) = preSolution
		HideSolutionNode = FALSE
	EndGlobalSection
EndGlobal
