
Microsoft Visual Studio Solution File, Format Version 12.00
# Visual Studio 15
VisualStudioVersion = 15.0.27130.2003
MinimumVisualStudioVersion = 10.0.40219.1
Project("{FAE04EC0-301F-11D3-BF4B-00C04F79EFBC}") = "UserGeolocationPluginUI", "UserGeolocationPluginUI\UserGeolocationPluginUI.csproj", "{A960D263-F470-491B-93C6-6AB56FF13B15}"
EndProject
Project("{FAE04EC0-301F-11D3-BF4B-00C04F79EFBC}") = "UserGeolocationPlugin", "UserGeolocationPlugin\UserGeolocationPlugin.csproj", "{A0B9466A-23A8-476C-99B4-EE7024E1EC26}"
EndProject
Project("{FAE04EC0-301F-11D3-BF4B-00C04F79EFBC}") = "GeolocationPluginMain", "GeolocationPluginMain\GeolocationPluginMain.csproj", "{F975B4EB-015D-48DD-89FB-91FA6D8D38CB}"
EndProject
Global
	GlobalSection(SolutionConfigurationPlatforms) = preSolution
		Debug|Any CPU = Debug|Any CPU
		Release|Any CPU = Release|Any CPU
	EndGlobalSection
	GlobalSection(ProjectConfigurationPlatforms) = postSolution
		{A960D263-F470-491B-93C6-6AB56FF13B15}.Debug|Any CPU.ActiveCfg = Debug|Any CPU
		{A960D263-F470-491B-93C6-6AB56FF13B15}.Debug|Any CPU.Build.0 = Debug|Any CPU
		{A960D263-F470-491B-93C6-6AB56FF13B15}.Release|Any CPU.ActiveCfg = Release|Any CPU
		{A960D263-F470-491B-93C6-6AB56FF13B15}.Release|Any CPU.Build.0 = Release|Any CPU
		{A0B9466A-23A8-476C-99B4-EE7024E1EC26}.Debug|Any CPU.ActiveCfg = Debug|Any CPU
		{A0B9466A-23A8-476C-99B4-EE7024E1EC26}.Debug|Any CPU.Build.0 = Debug|Any CPU
		{A0B9466A-23A8-476C-99B4-EE7024E1EC26}.Release|Any CPU.ActiveCfg = Release|Any CPU
		{A0B9466A-23A8-476C-99B4-EE7024E1EC26}.Release|Any CPU.Build.0 = Release|Any CPU
		{F975B4EB-015D-48DD-89FB-91FA6D8D38CB}.Debug|Any CPU.ActiveCfg = Debug|Any CPU
		{F975B4EB-015D-48DD-89FB-91FA6D8D38CB}.Debug|Any CPU.Build.0 = Debug|Any CPU
		{F975B4EB-015D-48DD-89FB-91FA6D8D38CB}.Release|Any CPU.ActiveCfg = Release|Any CPU
		{F975B4EB-015D-48DD-89FB-91FA6D8D38CB}.Release|Any CPU.Build.0 = Release|Any CPU
	EndGlobalSection
	GlobalSection(SolutionProperties) = preSolution
		HideSolutionNode = FALSE
	EndGlobalSection
	GlobalSection(ExtensibilityGlobals) = postSolution
		SolutionGuid = {A61460AC-E545-4493-ABA0-4D4A38BB2DC2}
	EndGlobalSection
EndGlobal
