
Microsoft Visual Studio Solution File, Format Version 12.00
# Visual Studio 14
VisualStudioVersion = 14.0.25420.1
MinimumVisualStudioVersion = 10.0.40219.1
Project("{FAE04EC0-301F-11D3-BF4B-00C04F79EFBC}") = "ZWavePlugin", "ZWavePlugin\ZWavePlugin.csproj", "{7A2BD3C4-FB70-463D-9D48-A1C052D0FB33}"
EndProject
Project("{FAE04EC0-301F-11D3-BF4B-00C04F79EFBC}") = "ZWavePluginUI", "ZWavePluginUI\ZWavePluginUI.csproj", "{21C05DD0-FAEF-43A2-9F8C-C5AD2B19B4EC}"
EndProject
Project("{FAE04EC0-301F-11D3-BF4B-00C04F79EFBC}") = "ConsoleTest", "ConsoleTest\ConsoleTest.csproj", "{640B922B-3636-4A2B-B6DC-A816568B30B1}"
EndProject
Project("{FAE04EC0-301F-11D3-BF4B-00C04F79EFBC}") = "OpenZWrapper", "OpenZWrapper\OpenZWrapper.csproj", "{D73E78B4-F53E-4ABB-8E10-E492D3B0CE15}"
EndProject
Global
	GlobalSection(SolutionConfigurationPlatforms) = preSolution
		Debug|Any CPU = Debug|Any CPU
		Release|Any CPU = Release|Any CPU
	EndGlobalSection
	GlobalSection(ProjectConfigurationPlatforms) = postSolution
		{7A2BD3C4-FB70-463D-9D48-A1C052D0FB33}.Debug|Any CPU.ActiveCfg = Debug|Any CPU
		{7A2BD3C4-FB70-463D-9D48-A1C052D0FB33}.Debug|Any CPU.Build.0 = Debug|Any CPU
		{7A2BD3C4-FB70-463D-9D48-A1C052D0FB33}.Release|Any CPU.ActiveCfg = Release|Any CPU
		{7A2BD3C4-FB70-463D-9D48-A1C052D0FB33}.Release|Any CPU.Build.0 = Release|Any CPU
		{21C05DD0-FAEF-43A2-9F8C-C5AD2B19B4EC}.Debug|Any CPU.ActiveCfg = Debug|Any CPU
		{21C05DD0-FAEF-43A2-9F8C-C5AD2B19B4EC}.Debug|Any CPU.Build.0 = Debug|Any CPU
		{21C05DD0-FAEF-43A2-9F8C-C5AD2B19B4EC}.Release|Any CPU.ActiveCfg = Release|Any CPU
		{21C05DD0-FAEF-43A2-9F8C-C5AD2B19B4EC}.Release|Any CPU.Build.0 = Release|Any CPU
		{640B922B-3636-4A2B-B6DC-A816568B30B1}.Debug|Any CPU.ActiveCfg = Debug|Any CPU
		{640B922B-3636-4A2B-B6DC-A816568B30B1}.Debug|Any CPU.Build.0 = Debug|Any CPU
		{640B922B-3636-4A2B-B6DC-A816568B30B1}.Release|Any CPU.ActiveCfg = Release|Any CPU
		{640B922B-3636-4A2B-B6DC-A816568B30B1}.Release|Any CPU.Build.0 = Release|Any CPU
		{D73E78B4-F53E-4ABB-8E10-E492D3B0CE15}.Debug|Any CPU.ActiveCfg = Debug|Any CPU
		{D73E78B4-F53E-4ABB-8E10-E492D3B0CE15}.Debug|Any CPU.Build.0 = Debug|Any CPU
		{D73E78B4-F53E-4ABB-8E10-E492D3B0CE15}.Release|Any CPU.ActiveCfg = Release|Any CPU
		{D73E78B4-F53E-4ABB-8E10-E492D3B0CE15}.Release|Any CPU.Build.0 = Release|Any CPU
	EndGlobalSection
	GlobalSection(SolutionProperties) = preSolution
		HideSolutionNode = FALSE
	EndGlobalSection
EndGlobal
