
Microsoft Visual Studio Solution File, Format Version 12.00
# Visual Studio 14
VisualStudioVersion = 14.0.25420.1
MinimumVisualStudioVersion = 10.0.40219.1
Project("{FAE04EC0-301F-11D3-BF4B-00C04F79EFBC}") = "MultimediaKeysPlugin", "MultimediaKeysPlugin\MultimediaKeysPlugin.csproj", "{B015FDB0-0E11-421E-BC11-F2D9A073BF12}"
EndProject
Project("{FAE04EC0-301F-11D3-BF4B-00C04F79EFBC}") = "Test", "Test\Test.csproj", "{231200C4-845D-4658-8991-DB4D177AE509}"
EndProject
Global
	GlobalSection(SolutionConfigurationPlatforms) = preSolution
		Debug|Any CPU = Debug|Any CPU
		Release|Any CPU = Release|Any CPU
	EndGlobalSection
	GlobalSection(ProjectConfigurationPlatforms) = postSolution
		{B015FDB0-0E11-421E-BC11-F2D9A073BF12}.Debug|Any CPU.ActiveCfg = Debug|Any CPU
		{B015FDB0-0E11-421E-BC11-F2D9A073BF12}.Debug|Any CPU.Build.0 = Debug|Any CPU
		{B015FDB0-0E11-421E-BC11-F2D9A073BF12}.Release|Any CPU.ActiveCfg = Release|Any CPU
		{B015FDB0-0E11-421E-BC11-F2D9A073BF12}.Release|Any CPU.Build.0 = Release|Any CPU
		{231200C4-845D-4658-8991-DB4D177AE509}.Debug|Any CPU.ActiveCfg = Debug|Any CPU
		{231200C4-845D-4658-8991-DB4D177AE509}.Debug|Any CPU.Build.0 = Debug|Any CPU
		{231200C4-845D-4658-8991-DB4D177AE509}.Release|Any CPU.ActiveCfg = Release|Any CPU
		{231200C4-845D-4658-8991-DB4D177AE509}.Release|Any CPU.Build.0 = Release|Any CPU
	EndGlobalSection
	GlobalSection(SolutionProperties) = preSolution
		HideSolutionNode = FALSE
	EndGlobalSection
EndGlobal
